
Microsoft Visual Studio Solution File, Format Version 12.00
# Visual Studio 15
VisualStudioVersion = 15.0.28010.2019
MinimumVisualStudioVersion = 10.0.40219.1
Project("{8BC9CEB8-8B4A-11D0-8D11-00A0C91BC942}") = "Ex_1_9", "Ex_1_9\Ex_1_9.vcxproj", "{F21A81D7-0E16-46F2-8B32-41F852F7ED1B}"
EndProject
Global
	GlobalSection(SolutionConfigurationPlatforms) = preSolution
		Debug|x64 = Debug|x64
		Debug|x86 = Debug|x86
		Release|x64 = Release|x64
		Release|x86 = Release|x86
	EndGlobalSection
	GlobalSection(ProjectConfigurationPlatforms) = postSolution
		{F21A81D7-0E16-46F2-8B32-41F852F7ED1B}.Debug|x64.ActiveCfg = Debug|x64
		{F21A81D7-0E16-46F2-8B32-41F852F7ED1B}.Debug|x64.Build.0 = Debug|x64
		{F21A81D7-0E16-46F2-8B32-41F852F7ED1B}.Debug|x86.ActiveCfg = Debug|Win32
		{F21A81D7-0E16-46F2-8B32-41F852F7ED1B}.Debug|x86.Build.0 = Debug|Win32
		{F21A81D7-0E16-46F2-8B32-41F852F7ED1B}.Release|x64.ActiveCfg = Release|x64
		{F21A81D7-0E16-46F2-8B32-41F852F7ED1B}.Release|x64.Build.0 = Release|x64
		{F21A81D7-0E16-46F2-8B32-41F852F7ED1B}.Release|x86.ActiveCfg = Release|Win32
		{F21A81D7-0E16-46F2-8B32-41F852F7ED1B}.Release|x86.Build.0 = Release|Win32
	EndGlobalSection
	GlobalSection(SolutionProperties) = preSolution
		HideSolutionNode = FALSE
	EndGlobalSection
	GlobalSection(ExtensibilityGlobals) = postSolution
		SolutionGuid = {10715D8C-DFF1-4169-852B-792B16D214A1}
	EndGlobalSection
EndGlobal
